
Microsoft Visual Studio Solution File, Format Version 12.00
# Visual Studio 15
VisualStudioVersion = 15.0.28307.329
MinimumVisualStudioVersion = 10.0.40219.1
Project("{FAE04EC0-301F-11D3-BF4B-00C04F79EFBC}") = "Loan1", "Loan1\Loan1.csproj", "{642357BF-99E4-4BDD-B0C4-5A2368F1E920}"
EndProject
Global
	GlobalSection(SolutionConfigurationPlatforms) = preSolution
		Debug|Any CPU = Debug|Any CPU
		Release|Any CPU = Release|Any CPU
	EndGlobalSection
	GlobalSection(ProjectConfigurationPlatforms) = postSolution
		{642357BF-99E4-4BDD-B0C4-5A2368F1E920}.Debug|Any CPU.ActiveCfg = Debug|Any CPU
		{642357BF-99E4-4BDD-B0C4-5A2368F1E920}.Debug|Any CPU.Build.0 = Debug|Any CPU
		{642357BF-99E4-4BDD-B0C4-5A2368F1E920}.Release|Any CPU.ActiveCfg = Release|Any CPU
		{642357BF-99E4-4BDD-B0C4-5A2368F1E920}.Release|Any CPU.Build.0 = Release|Any CPU
	EndGlobalSection
	GlobalSection(SolutionProperties) = preSolution
		HideSolutionNode = FALSE
	EndGlobalSection
	GlobalSection(ExtensibilityGlobals) = postSolution
		SolutionGuid = {C9990BCD-30CE-4D02-B073-0368687A868C}
	EndGlobalSection
EndGlobal
