
Microsoft Visual Studio Solution File, Format Version 12.00
# Visual Studio 15
VisualStudioVersion = 15.0.28307.168
MinimumVisualStudioVersion = 10.0.40219.1
Project("{FAE04EC0-301F-11D3-BF4B-00C04F79EFBC}") = "Exam1 - Person", "Exam1 - Person\Exam1 - Person.csproj", "{16482B37-D353-4F4F-8C2C-550D52734B6D}"
EndProject
Global
	GlobalSection(SolutionConfigurationPlatforms) = preSolution
		Debug|Any CPU = Debug|Any CPU
		Release|Any CPU = Release|Any CPU
	EndGlobalSection
	GlobalSection(ProjectConfigurationPlatforms) = postSolution
		{16482B37-D353-4F4F-8C2C-550D52734B6D}.Debug|Any CPU.ActiveCfg = Debug|Any CPU
		{16482B37-D353-4F4F-8C2C-550D52734B6D}.Debug|Any CPU.Build.0 = Debug|Any CPU
		{16482B37-D353-4F4F-8C2C-550D52734B6D}.Release|Any CPU.ActiveCfg = Release|Any CPU
		{16482B37-D353-4F4F-8C2C-550D52734B6D}.Release|Any CPU.Build.0 = Release|Any CPU
	EndGlobalSection
	GlobalSection(SolutionProperties) = preSolution
		HideSolutionNode = FALSE
	EndGlobalSection
	GlobalSection(ExtensibilityGlobals) = postSolution
		SolutionGuid = {F512BB67-CA32-4B16-B973-44C4DCA4078A}
	EndGlobalSection
EndGlobal
