
Microsoft Visual Studio Solution File, Format Version 12.00
# Visual Studio 15
VisualStudioVersion = 15.0.28307.329
MinimumVisualStudioVersion = 10.0.40219.1
Project("{FAE04EC0-301F-11D3-BF4B-00C04F79EFBC}") = "FinalExam", "FinalExam\FinalExam.csproj", "{0DADFFDE-8122-4875-A231-68245F9AF965}"
EndProject
Global
	GlobalSection(SolutionConfigurationPlatforms) = preSolution
		Debug|Any CPU = Debug|Any CPU
		Release|Any CPU = Release|Any CPU
	EndGlobalSection
	GlobalSection(ProjectConfigurationPlatforms) = postSolution
		{0DADFFDE-8122-4875-A231-68245F9AF965}.Debug|Any CPU.ActiveCfg = Debug|Any CPU
		{0DADFFDE-8122-4875-A231-68245F9AF965}.Debug|Any CPU.Build.0 = Debug|Any CPU
		{0DADFFDE-8122-4875-A231-68245F9AF965}.Release|Any CPU.ActiveCfg = Release|Any CPU
		{0DADFFDE-8122-4875-A231-68245F9AF965}.Release|Any CPU.Build.0 = Release|Any CPU
	EndGlobalSection
	GlobalSection(SolutionProperties) = preSolution
		HideSolutionNode = FALSE
	EndGlobalSection
	GlobalSection(ExtensibilityGlobals) = postSolution
		SolutionGuid = {72C805DF-95A1-4A75-A7C4-241160B670C6}
	EndGlobalSection
EndGlobal
