
Microsoft Visual Studio Solution File, Format Version 12.00
# Visual Studio 15
VisualStudioVersion = 15.0.28307.329
MinimumVisualStudioVersion = 10.0.40219.1
Project("{FAE04EC0-301F-11D3-BF4B-00C04F79EFBC}") = "Assignment7 Class Constructors", "Assignment7 Class Constructors\Assignment7 Class Constructors.csproj", "{9BA73FF9-5BCA-408A-8EAB-6F9D9F4D1CE2}"
EndProject
Global
	GlobalSection(SolutionConfigurationPlatforms) = preSolution
		Debug|Any CPU = Debug|Any CPU
		Release|Any CPU = Release|Any CPU
	EndGlobalSection
	GlobalSection(ProjectConfigurationPlatforms) = postSolution
		{9BA73FF9-5BCA-408A-8EAB-6F9D9F4D1CE2}.Debug|Any CPU.ActiveCfg = Debug|Any CPU
		{9BA73FF9-5BCA-408A-8EAB-6F9D9F4D1CE2}.Debug|Any CPU.Build.0 = Debug|Any CPU
		{9BA73FF9-5BCA-408A-8EAB-6F9D9F4D1CE2}.Release|Any CPU.ActiveCfg = Release|Any CPU
		{9BA73FF9-5BCA-408A-8EAB-6F9D9F4D1CE2}.Release|Any CPU.Build.0 = Release|Any CPU
	EndGlobalSection
	GlobalSection(SolutionProperties) = preSolution
		HideSolutionNode = FALSE
	EndGlobalSection
	GlobalSection(ExtensibilityGlobals) = postSolution
		SolutionGuid = {3796B940-0F9C-4F6C-AC4B-435071F6BD4C}
	EndGlobalSection
EndGlobal
