
Microsoft Visual Studio Solution File, Format Version 12.00
# Visual Studio 15
VisualStudioVersion = 15.0.28307.329
MinimumVisualStudioVersion = 10.0.40219.1
Project("{FAE04EC0-301F-11D3-BF4B-00C04F79EFBC}") = "Exam2 MultipleChoice", "Exam2 MultipleChoice\Exam2 MultipleChoice.csproj", "{51EA3FAF-0B97-44D7-9CC1-3FCB7371E80E}"
EndProject
Global
	GlobalSection(SolutionConfigurationPlatforms) = preSolution
		Debug|Any CPU = Debug|Any CPU
		Release|Any CPU = Release|Any CPU
	EndGlobalSection
	GlobalSection(ProjectConfigurationPlatforms) = postSolution
		{51EA3FAF-0B97-44D7-9CC1-3FCB7371E80E}.Debug|Any CPU.ActiveCfg = Debug|Any CPU
		{51EA3FAF-0B97-44D7-9CC1-3FCB7371E80E}.Debug|Any CPU.Build.0 = Debug|Any CPU
		{51EA3FAF-0B97-44D7-9CC1-3FCB7371E80E}.Release|Any CPU.ActiveCfg = Release|Any CPU
		{51EA3FAF-0B97-44D7-9CC1-3FCB7371E80E}.Release|Any CPU.Build.0 = Release|Any CPU
	EndGlobalSection
	GlobalSection(SolutionProperties) = preSolution
		HideSolutionNode = FALSE
	EndGlobalSection
	GlobalSection(ExtensibilityGlobals) = postSolution
		SolutionGuid = {35DD3AD9-A0E6-4EC2-8804-6D5660CC500F}
	EndGlobalSection
EndGlobal
